
Microsoft Visual Studio Solution File, Format Version 12.00
# Visual Studio Version 16
VisualStudioVersion = 16.0.31624.102
MinimumVisualStudioVersion = 10.0.40219.1
Project("{9A19103F-16F7-4668-BE54-9A1E7A4F7556}") = "NotesUsers", "NotesUsers.csproj", "{AC15CD17-E2E3-475E-AF06-5105535025D8}"
EndProject
Project("{E53339B2-1760-4266-BCC7-CA923CBCF16C}") = "docker-compose", "docker-compose.dcproj", "{4E983733-F52A-4294-A9CD-6E67A83E675E}"
EndProject
Global
	GlobalSection(SolutionConfigurationPlatforms) = preSolution
		Debug|Any CPU = Debug|Any CPU
		Release|Any CPU = Release|Any CPU
	EndGlobalSection
	GlobalSection(ProjectConfigurationPlatforms) = postSolution
		{AC15CD17-E2E3-475E-AF06-5105535025D8}.Debug|Any CPU.ActiveCfg = Debug|Any CPU
		{AC15CD17-E2E3-475E-AF06-5105535025D8}.Debug|Any CPU.Build.0 = Debug|Any CPU
		{AC15CD17-E2E3-475E-AF06-5105535025D8}.Release|Any CPU.ActiveCfg = Release|Any CPU
		{AC15CD17-E2E3-475E-AF06-5105535025D8}.Release|Any CPU.Build.0 = Release|Any CPU
		{4E983733-F52A-4294-A9CD-6E67A83E675E}.Debug|Any CPU.ActiveCfg = Debug|Any CPU
		{4E983733-F52A-4294-A9CD-6E67A83E675E}.Debug|Any CPU.Build.0 = Debug|Any CPU
		{4E983733-F52A-4294-A9CD-6E67A83E675E}.Release|Any CPU.ActiveCfg = Release|Any CPU
		{4E983733-F52A-4294-A9CD-6E67A83E675E}.Release|Any CPU.Build.0 = Release|Any CPU
	EndGlobalSection
	GlobalSection(SolutionProperties) = preSolution
		HideSolutionNode = FALSE
	EndGlobalSection
	GlobalSection(ExtensibilityGlobals) = postSolution
		SolutionGuid = {82DF8EFB-8D67-447F-956E-336BC11758EF}
	EndGlobalSection
EndGlobal
